
Microsoft Visual Studio Solution File, Format Version 12.00
# Visual Studio 14
VisualStudioVersion = 14.0.24720.0
MinimumVisualStudioVersion = 10.0.40219.1
Project("{FAE04EC0-301F-11D3-BF4B-00C04F79EFBC}") = "ProudSourceServiceAlpha", "ProudSourceServiceAlpha\ProudSourceServiceAlpha.csproj", "{967F90FE-BADF-4E0A-A6BD-E326FEC0D3A1}"
EndProject
Project("{FAE04EC0-301F-11D3-BF4B-00C04F79EFBC}") = "Hermes", "..\Hermes\Hermes\Hermes.csproj", "{F4B1F336-A9DE-4549-9B43-A0B0B5A8DB10}"
EndProject
Global
	GlobalSection(SolutionConfigurationPlatforms) = preSolution
		Debug|Any CPU = Debug|Any CPU
		Release|Any CPU = Release|Any CPU
	EndGlobalSection
	GlobalSection(ProjectConfigurationPlatforms) = postSolution
		{967F90FE-BADF-4E0A-A6BD-E326FEC0D3A1}.Debug|Any CPU.ActiveCfg = Debug|Any CPU
		{967F90FE-BADF-4E0A-A6BD-E326FEC0D3A1}.Debug|Any CPU.Build.0 = Debug|Any CPU
		{967F90FE-BADF-4E0A-A6BD-E326FEC0D3A1}.Release|Any CPU.ActiveCfg = Release|Any CPU
		{967F90FE-BADF-4E0A-A6BD-E326FEC0D3A1}.Release|Any CPU.Build.0 = Release|Any CPU
		{F4B1F336-A9DE-4549-9B43-A0B0B5A8DB10}.Debug|Any CPU.ActiveCfg = Debug|Any CPU
		{F4B1F336-A9DE-4549-9B43-A0B0B5A8DB10}.Debug|Any CPU.Build.0 = Debug|Any CPU
		{F4B1F336-A9DE-4549-9B43-A0B0B5A8DB10}.Release|Any CPU.ActiveCfg = Release|Any CPU
		{F4B1F336-A9DE-4549-9B43-A0B0B5A8DB10}.Release|Any CPU.Build.0 = Release|Any CPU
	EndGlobalSection
	GlobalSection(SolutionProperties) = preSolution
		HideSolutionNode = FALSE
	EndGlobalSection
EndGlobal
